{
  "name": "teckwah-tms",
  "version": "1.0.0",
  "lockfileVersion": 3,
  "requires": true,
  "packages": {
    "": {
      "name": "teckwah-tms",
      "version": "1.0.0",
      "license": "ISC",
      "dependencies": {
        "bcrypt": "5.1.1",
        "cookie-parser": "1.4.6",
        "cors": "2.8.5",
        "dotenv": "16.3.1",
        "express": "4.18.2",
        "express-rate-limit": "7.1.5",
        "helmet": "7.1.0",
        "jsonwebtoken": "9.0.2",
        "mysql2": "3.6.5",
        "sequelize": "6.35.2",
        "uuid": "9.0.1",
        "winston": "3.11.0",
        "winston-daily-rotate-file": "4.7.1"
      },
      "devDependencies": {
        "eslint": "8.56.0",
        "jest": "29.7.0",
        "nodemon": "3.0.2",
        "supertest": "6.3.3"
      },
      "engines": {
        "node": ">=20.0.0"
      }
    },
    "node_modules/bcrypt": {
      "version": "5.1.1",
      "resolved": "https://registry.npmjs.org/bcrypt/-/bcrypt-5.1.1.tgz",
      "integrity": "sha512-1oDi7Vh+wf+jcXm/hUGRXfJ7/+1MZnWSwc9jkU1pLEo4xuGVEhhniLyKARnAzLQsLm3ERCQBnYU8C1bORQJvYQ=="
    },
    "node_modules/cookie-parser": {
      "version": "1.4.6",
      "resolved": "https://registry.npmjs.org/cookie-parser/-/cookie-parser-1.4.6.tgz",
      "integrity": "sha512-z3IzaNjdwUC2olLIB5/ITd0/setiaFMLYiZJle7xg5Fe9KWAceil7xszYfHHBtDFYLSgJduS2Ty0P1uJdPDJeA=="
    },
    "node_modules/cors": {
      "version": "2.8.5",
      "resolved": "https://registry.npmjs.org/cors/-/cors-2.8.5.tgz",
      "integrity": "sha512-KIHbLJqu73RGr/hnbrO9uBeixNGuvSQjul/jdFvS/KFSIH1hWVd1ng7zOHx+YrEfInLG7q4n6GHQ9cDtxv/P6g=="
    },
    "node_modules/dotenv": {
      "version": "16.3.1",
      "resolved": "https://registry.npmjs.org/dotenv/-/dotenv-16.3.1.tgz",
      "integrity": "sha512-IPzF4w4/Rd94bA9imS68tZBaYyBWSCE47V1RGuMrB94iyTOIEwRmVL2x/4An+6mETpLrKJ5hQkB8W4kFAadeIQ=="
    },
    "node_modules/express": {
      "version": "4.18.2",
      "resolved": "https://registry.npmjs.org/express/-/express-4.18.2.tgz",
      "integrity": "sha512-5/PsL6iGPdfQ/lKM1UuielYgv3BUoJfz1aUwU9vHZ+J7gyvwdQXFEBIEIaxeGf0GIcreATNyBExtalisDbuMqQ=="
    },
    "node_modules/express-rate-limit": {
      "version": "7.1.5",
      "resolved": "https://registry.npmjs.org/express-rate-limit/-/express-rate-limit-7.1.5.tgz",
      "integrity": "sha512-u55eBARySJxMcI6qbUT6TG+MXF3+0TUlWmXKf4beg7XEPuCnHtUZiJuG+1CXjjJRcuEbE13WWJa/h5CjJ/jCYQ=="
    },
    "node_modules/helmet": {
      "version": "7.1.0",
      "resolved": "https://registry.npmjs.org/helmet/-/helmet-7.1.0.tgz",
      "integrity": "sha512-g+HkrD9e6U5QdmUzuBCQnHYeLWJb5PtBLLx93T3WnHvM0sSDEDWIumDqKyHlQXnBJLfNgIlgVJdW7ynxKFxYcQ=="
    },
    "node_modules/jsonwebtoken": {
      "version": "9.0.2",
      "resolved": "https://registry.npmjs.org/jsonwebtoken/-/jsonwebtoken-9.0.2.tgz",
      "integrity": "sha512-vxZ88/cHtF+6K+37TA6yLmhVF4hbcCgCEJhkjV0Z+HKxSRXuCcIsoZdRZjv9N8yIiHKlePevFMQYwpIXP2Z5g=="
    },
    "node_modules/mysql2": {
      "version": "3.6.5",
      "resolved": "https://registry.npmjs.org/mysql2/-/mysql2-3.6.5.tgz",
      "integrity": "sha512-pS/KqIb0xlXmcM1h7nrQnj2UKWWVnZ0wHTR6v5Uw7gYZ+Gh+IgFZVKBjwJt9IBGCsZQS+mjWn2jb8Gx2QHVHA=="
    },
    "node_modules/sequelize": {
      "version": "6.35.2",
      "resolved": "https://registry.npmjs.org/sequelize/-/sequelize-6.35.2.tgz",
      "integrity": "sha512-EK8VxuXIWm5ZYvfYJcOQtqRfxGZ/zDBiX9H3c/h6XRBl8vPAUVwvJI9U3qrfCgFH60OHhawCIgZFYWxI1XbpQ=="
    },
    "node_modules/uuid": {
      "version": "9.0.1",
      "resolved": "https://registry.npmjs.org/uuid/-/uuid-9.0.1.tgz",
      "integrity": "sha512-b+C8C4HOLisAu2gRO8YTxTQ/vrwgdLA7BGUiYL+trE7+hgNuUmx4G3veitnR8ETsR5XTRvS0QbuEYRNtXfHXpQ=="
    },
    "node_modules/winston": {
      "version": "3.11.0",
      "resolved": "https://registry.npmjs.org/winston/-/winston-3.11.0.tgz",
      "integrity": "sha512-l5M6aMyByVDLjcnWCaJPaRpoFwAUlQrZzS4ntY9X0CbLbujF5XvU0bIZ5yQcW1yqsklWBqOf9P6MbH+4QWD8pw=="
    },
    "node_modules/winston-daily-rotate-file": {
      "version": "4.7.1",
      "resolved": "https://registry.npmjs.org/winston-daily-rotate-file/-/winston-daily-rotate-file-4.7.1.tgz",
      "integrity": "sha512-7LGPiYGBPNyGHLn9z33i96zx/bd71pjBn9tqQzO3I4Tayv94WPmBNwKC7CO1wPHdP9uvu+Md/1nr6VSH9h0iaA=="
    },
    "node_modules/eslint": {
      "version": "8.56.0",
      "resolved": "https://registry.npmjs.org/eslint/-/eslint-8.56.0.tgz",
      "integrity": "sha512-3SnjL9UVBuWGYu5OPYJJ/ajwL3FR89IDYCl+RXUZHJn2of5AUeDXvfWXApcbQdl4lfW/3nMEBLCVF0aGEPUfMQ==",
      "dev": true
    },
    "node_modules/jest": {
      "version": "29.7.0",
      "resolved": "https://registry.npmjs.org/jest/-/jest-29.7.0.tgz",
      "integrity": "sha512-IJuEE2/tagkRq9aeGCgCXXuqFEwxkT0TZjqVGLALvQ+DVRqUNvQ9QC9UiLZQQXI0nBGZ+GQD7CzwR2ZDCVIacA==",
      "dev": true
    },
    "node_modules/nodemon": {
      "version": "3.0.2",
      "resolved": "https://registry.npmjs.org/nodemon/-/nodemon-3.0.2.tgz",
      "integrity": "sha512-9UkIQmJgy0hiKV3PBxwYeGdRLjsWUKFmLLRvwryiOGZ/vtcB2NOWRzX7mCEfRLI6KbzTkESLNzJJrFJW/1YdCA==",
      "dev": true
    },
    "node_modules/supertest": {
      "version": "6.3.3",
      "resolved": "https://registry.npmjs.org/supertest/-/supertest-6.3.3.tgz",
      "integrity": "sha512-EMCG6G8gDu5qEqRQ3JjjPs6+FYT1a7Hv5ApHvtSghmOFJYtsaZOfPJlkJK6ZpBd5T3KRsQhRxjtMH1JMtMrKkA==",
      "dev": true
    }
  }
}
